// !$*UTF8*$!
{
	archiveVersion = 1;
	classes = {
	};
	objectVersion = 77;
	objects = {

/* Begin PBXBuildFile section */
		E157E5972EB4C59C004150BA /* ContentView.swift in Sources */ = {isa = PBXBuildFile; fileRef = E157E5912EB4C59C004150BA /* ContentView.swift */; };
		E157E5982EB4C59C004150BA /* Persistence.swift in Sources */ = {isa = PBXBuildFile; fileRef = E157E5922EB4C59C004150BA /* Persistence.swift */; };
		E157E5992EB4C59C004150BA /* Todo_App.xcdatamodeld in Sources */ = {isa = PBXBuildFile; fileRef = E157E5932EB4C59C004150BA /* Todo_App.xcdatamodeld */; };
		E157E59A2EB4C59C004150BA /* Todo_AppApp.swift in Sources */ = {isa = PBXBuildFile; fileRef = E157E5942EB4C59C004150BA /* Todo_AppApp.swift */; };
		E157E59B2EB4C59C004150BA /* Assets.xcassets in Resources */ = {isa = PBXBuildFile; fileRef = E157E5902EB4C59C004150BA /* Assets.xcassets */; };
		E157E59E2EB4C5B5004150BA /* AddTodoView.swift in Sources */ = {isa = PBXBuildFile; fileRef = E157E59D2EB4C5B5004150BA /* AddTodoView.swift */; };
		E1AE779B2EB4DA89000AC8B8 /* LaunchScreen.storyboard in Resources */ = {isa = PBXBuildFile; fileRef = E1AE779A2EB4DA89000AC8B8 /* LaunchScreen.storyboard */; };
		E1AE779D2EB4DD66000AC8B8 /* EmptyListView.swift in Sources */ = {isa = PBXBuildFile; fileRef = E1AE779C2EB4DD66000AC8B8 /* EmptyListView.swift */; };
		E1AE779F2EB4FD08000AC8B8 /* SettingsView.swift in Sources */ = {isa = PBXBuildFile; fileRef = E1AE779E2EB4FD07000AC8B8 /* SettingsView.swift */; };
		E1AE77A12EB4FF77000AC8B8 /* FormRowStaticView.swift in Sources */ = {isa = PBXBuildFile; fileRef = E1AE77A02EB4FF77000AC8B8 /* FormRowStaticView.swift */; };
		E1AE77A32EB5015E000AC8B8 /* FormRowLinkView.swift in Sources */ = {isa = PBXBuildFile; fileRef = E1AE77A22EB5015E000AC8B8 /* FormRowLinkView.swift */; };
		E1AE77AE2EB5074A000AC8B8 /* Pink Dark.png in Resources */ = {isa = PBXBuildFile; fileRef = E1AE77AC2EB5074A000AC8B8 /* Pink Dark.png */; };
		E1AE77AF2EB5074A000AC8B8 /* Blue Light.png in Resources */ = {isa = PBXBuildFile; fileRef = E1AE77A72EB5074A000AC8B8 /* Blue Light.png */; };
		E1AE77B02EB5074A000AC8B8 /* Blue.png in Resources */ = {isa = PBXBuildFile; fileRef = E1AE77A52EB5074A000AC8B8 /* Blue.png */; };
		E1AE77B12EB5074A000AC8B8 /* Green Dark.png in Resources */ = {isa = PBXBuildFile; fileRef = E1AE77A92EB5074A000AC8B8 /* Green Dark.png */; };
		E1AE77B22EB5074A000AC8B8 /* Green Light.png in Resources */ = {isa = PBXBuildFile; fileRef = E1AE77AA2EB5074A000AC8B8 /* Green Light.png */; };
		E1AE77B32EB5074A000AC8B8 /* Pink.png in Resources */ = {isa = PBXBuildFile; fileRef = E1AE77AB2EB5074A000AC8B8 /* Pink.png */; };
		E1AE77B42EB5074A000AC8B8 /* Pink Light.png in Resources */ = {isa = PBXBuildFile; fileRef = E1AE77AD2EB5074A000AC8B8 /* Pink Light.png */; };
		E1AE77B52EB5074A000AC8B8 /* Blue Dark.png in Resources */ = {isa = PBXBuildFile; fileRef = E1AE77A62EB5074A000AC8B8 /* Blue Dark.png */; };
		E1AE77B62EB5074A000AC8B8 /* Green.png in Resources */ = {isa = PBXBuildFile; fileRef = E1AE77A82EB5074A000AC8B8 /* Green.png */; };
/* End PBXBuildFile section */

/* Begin PBXFileReference section */
		E157E5722EB4C2BC004150BA /* Todo App.app */ = {isa = PBXFileReference; explicitFileType = wrapper.application; includeInIndex = 0; path = "Todo App.app"; sourceTree = BUILT_PRODUCTS_DIR; };
		E157E5902EB4C59C004150BA /* Assets.xcassets */ = {isa = PBXFileReference; lastKnownFileType = folder.assetcatalog; path = Assets.xcassets; sourceTree = "<group>"; };
		E157E5912EB4C59C004150BA /* ContentView.swift */ = {isa = PBXFileReference; lastKnownFileType = sourcecode.swift; path = ContentView.swift; sourceTree = "<group>"; };
		E157E5922EB4C59C004150BA /* Persistence.swift */ = {isa = PBXFileReference; lastKnownFileType = sourcecode.swift; path = Persistence.swift; sourceTree = "<group>"; };
		E157E5942EB4C59C004150BA /* Todo_AppApp.swift */ = {isa = PBXFileReference; lastKnownFileType = sourcecode.swift; path = Todo_AppApp.swift; sourceTree = "<group>"; };
		E157E5962EB4C59C004150BA /* Todo_App.xcdatamodel */ = {isa = PBXFileReference; lastKnownFileType = wrapper.xcdatamodel; path = Todo_App.xcdatamodel; sourceTree = "<group>"; };
		E157E59D2EB4C5B5004150BA /* AddTodoView.swift */ = {isa = PBXFileReference; lastKnownFileType = sourcecode.swift; path = AddTodoView.swift; sourceTree = "<group>"; };
		E1AE779A2EB4DA89000AC8B8 /* LaunchScreen.storyboard */ = {isa = PBXFileReference; lastKnownFileType = file.storyboard; path = LaunchScreen.storyboard; sourceTree = "<group>"; };
		E1AE779C2EB4DD66000AC8B8 /* EmptyListView.swift */ = {isa = PBXFileReference; lastKnownFileType = sourcecode.swift; path = EmptyListView.swift; sourceTree = "<group>"; };
		E1AE779E2EB4FD07000AC8B8 /* SettingsView.swift */ = {isa = PBXFileReference; lastKnownFileType = sourcecode.swift; path = SettingsView.swift; sourceTree = "<group>"; };
		E1AE77A02EB4FF77000AC8B8 /* FormRowStaticView.swift */ = {isa = PBXFileReference; lastKnownFileType = sourcecode.swift; path = FormRowStaticView.swift; sourceTree = "<group>"; };
		E1AE77A22EB5015E000AC8B8 /* FormRowLinkView.swift */ = {isa = PBXFileReference; lastKnownFileType = sourcecode.swift; path = FormRowLinkView.swift; sourceTree = "<group>"; };
		E1AE77A52EB5074A000AC8B8 /* Blue.png */ = {isa = PBXFileReference; lastKnownFileType = image.png; path = Blue.png; sourceTree = "<group>"; };
		E1AE77A62EB5074A000AC8B8 /* Blue Dark.png */ = {isa = PBXFileReference; lastKnownFileType = image.png; path = "Blue Dark.png"; sourceTree = "<group>"; };
		E1AE77A72EB5074A000AC8B8 /* Blue Light.png */ = {isa = PBXFileReference; lastKnownFileType = image.png; path = "Blue Light.png"; sourceTree = "<group>"; };
		E1AE77A82EB5074A000AC8B8 /* Green.png */ = {isa = PBXFileReference; lastKnownFileType = image.png; path = Green.png; sourceTree = "<group>"; };
		E1AE77A92EB5074A000AC8B8 /* Green Dark.png */ = {isa = PBXFileReference; lastKnownFileType = image.png; path = "Green Dark.png"; sourceTree = "<group>"; };
		E1AE77AA2EB5074A000AC8B8 /* Green Light.png */ = {isa = PBXFileReference; lastKnownFileType = image.png; path = "Green Light.png"; sourceTree = "<group>"; };
		E1AE77AB2EB5074A000AC8B8 /* Pink.png */ = {isa = PBXFileReference; lastKnownFileType = image.png; path = Pink.png; sourceTree = "<group>"; };
		E1AE77AC2EB5074A000AC8B8 /* Pink Dark.png */ = {isa = PBXFileReference; lastKnownFileType = image.png; path = "Pink Dark.png"; sourceTree = "<group>"; };
		E1AE77AD2EB5074A000AC8B8 /* Pink Light.png */ = {isa = PBXFileReference; lastKnownFileType = image.png; path = "Pink Light.png"; sourceTree = "<group>"; };
		E1AE77B72EB5082B000AC8B8 /* Todo-App-Info.plist */ = {isa = PBXFileReference; lastKnownFileType = text.plist; path = "Todo-App-Info.plist"; sourceTree = SOURCE_ROOT; };
/* End PBXFileReference section */

/* Begin PBXFrameworksBuildPhase section */
		E157E56F2EB4C2BC004150BA /* Frameworks */ = {
			isa = PBXFrameworksBuildPhase;
			buildActionMask = 2147483647;
			files = (
			);
			runOnlyForDeploymentPostprocessing = 0;
		};
/* End PBXFrameworksBuildPhase section */

/* Begin PBXGroup section */
		E157E5692EB4C2BC004150BA = {
			isa = PBXGroup;
			children = (
				E157E5952EB4C59C004150BA /* Todo App */,
				E157E5732EB4C2BC004150BA /* Products */,
			);
			sourceTree = "<group>";
		};
		E157E5732EB4C2BC004150BA /* Products */ = {
			isa = PBXGroup;
			children = (
				E157E5722EB4C2BC004150BA /* Todo App.app */,
			);
			name = Products;
			sourceTree = "<group>";
		};
		E157E5952EB4C59C004150BA /* Todo App */ = {
			isa = PBXGroup;
			children = (
				E1AE77B72EB5082B000AC8B8 /* Todo-App-Info.plist */,
				E1AE77A42EB5070E000AC8B8 /* Icons */,
				E157E5902EB4C59C004150BA /* Assets.xcassets */,
				E157E59C2EB4C59F004150BA /* Views */,
				E157E5922EB4C59C004150BA /* Persistence.swift */,
				E157E5932EB4C59C004150BA /* Todo_App.xcdatamodeld */,
				E157E5942EB4C59C004150BA /* Todo_AppApp.swift */,
				E1AE779A2EB4DA89000AC8B8 /* LaunchScreen.storyboard */,
			);
			path = "Todo App";
			sourceTree = "<group>";
		};
		E157E59C2EB4C59F004150BA /* Views */ = {
			isa = PBXGroup;
			children = (
				E157E5912EB4C59C004150BA /* ContentView.swift */,
				E157E59D2EB4C5B5004150BA /* AddTodoView.swift */,
				E1AE779C2EB4DD66000AC8B8 /* EmptyListView.swift */,
				E1AE779E2EB4FD07000AC8B8 /* SettingsView.swift */,
				E1AE77A02EB4FF77000AC8B8 /* FormRowStaticView.swift */,
				E1AE77A22EB5015E000AC8B8 /* FormRowLinkView.swift */,
			);
			path = Views;
			sourceTree = "<group>";
		};
		E1AE77A42EB5070E000AC8B8 /* Icons */ = {
			isa = PBXGroup;
			children = (
				E1AE77A52EB5074A000AC8B8 /* Blue.png */,
				E1AE77A62EB5074A000AC8B8 /* Blue Dark.png */,
				E1AE77A72EB5074A000AC8B8 /* Blue Light.png */,
				E1AE77A82EB5074A000AC8B8 /* Green.png */,
				E1AE77A92EB5074A000AC8B8 /* Green Dark.png */,
				E1AE77AA2EB5074A000AC8B8 /* Green Light.png */,
				E1AE77AB2EB5074A000AC8B8 /* Pink.png */,
				E1AE77AC2EB5074A000AC8B8 /* Pink Dark.png */,
				E1AE77AD2EB5074A000AC8B8 /* Pink Light.png */,
			);
			path = Icons;
			sourceTree = "<group>";
		};
/* End PBXGroup section */

/* Begin PBXNativeTarget section */
		E157E5712EB4C2BC004150BA /* Todo App */ = {
			isa = PBXNativeTarget;
			buildConfigurationList = E157E5822EB4C2BE004150BA /* Build configuration list for PBXNativeTarget "Todo App" */;
			buildPhases = (
				E157E56E2EB4C2BC004150BA /* Sources */,
				E157E56F2EB4C2BC004150BA /* Frameworks */,
				E157E5702EB4C2BC004150BA /* Resources */,
			);
			buildRules = (
			);
			dependencies = (
			);
			name = "Todo App";
			packageProductDependencies = (
			);
			productName = "Todo App";
			productReference = E157E5722EB4C2BC004150BA /* Todo App.app */;
			productType = "com.apple.product-type.application";
		};
/* End PBXNativeTarget section */

/* Begin PBXProject section */
		E157E56A2EB4C2BC004150BA /* Project object */ = {
			isa = PBXProject;
			attributes = {
				BuildIndependentTargetsInParallel = 1;
				LastSwiftUpdateCheck = 1640;
				LastUpgradeCheck = 1640;
				TargetAttributes = {
					E157E5712EB4C2BC004150BA = {
						CreatedOnToolsVersion = 16.4;
					};
				};
			};
			buildConfigurationList = E157E56D2EB4C2BC004150BA /* Build configuration list for PBXProject "Todo App" */;
			developmentRegion = en;
			hasScannedForEncodings = 0;
			knownRegions = (
				en,
				Base,
			);
			mainGroup = E157E5692EB4C2BC004150BA;
			minimizedProjectReferenceProxies = 1;
			preferredProjectObjectVersion = 77;
			productRefGroup = E157E5732EB4C2BC004150BA /* Products */;
			projectDirPath = "";
			projectRoot = "";
			targets = (
				E157E5712EB4C2BC004150BA /* Todo App */,
			);
		};
/* End PBXProject section */

/* Begin PBXResourcesBuildPhase section */
		E157E5702EB4C2BC004150BA /* Resources */ = {
			isa = PBXResourcesBuildPhase;
			buildActionMask = 2147483647;
			files = (
				E1AE77AE2EB5074A000AC8B8 /* Pink Dark.png in Resources */,
				E1AE77AF2EB5074A000AC8B8 /* Blue Light.png in Resources */,
				E1AE77B02EB5074A000AC8B8 /* Blue.png in Resources */,
				E1AE77B12EB5074A000AC8B8 /* Green Dark.png in Resources */,
				E1AE77B22EB5074A000AC8B8 /* Green Light.png in Resources */,
				E1AE77B32EB5074A000AC8B8 /* Pink.png in Resources */,
				E1AE77B42EB5074A000AC8B8 /* Pink Light.png in Resources */,
				E1AE77B52EB5074A000AC8B8 /* Blue Dark.png in Resources */,
				E1AE77B62EB5074A000AC8B8 /* Green.png in Resources */,
				E157E59B2EB4C59C004150BA /* Assets.xcassets in Resources */,
				E1AE779B2EB4DA89000AC8B8 /* LaunchScreen.storyboard in Resources */,
			);
			runOnlyForDeploymentPostprocessing = 0;
		};
/* End PBXResourcesBuildPhase section */

/* Begin PBXSourcesBuildPhase section */
		E157E56E2EB4C2BC004150BA /* Sources */ = {
			isa = PBXSourcesBuildPhase;
			buildActionMask = 2147483647;
			files = (
				E1AE779F2EB4FD08000AC8B8 /* SettingsView.swift in Sources */,
				E1AE77A12EB4FF77000AC8B8 /* FormRowStaticView.swift in Sources */,
				E1AE77A32EB5015E000AC8B8 /* FormRowLinkView.swift in Sources */,
				E157E5972EB4C59C004150BA /* ContentView.swift in Sources */,
				E157E5982EB4C59C004150BA /* Persistence.swift in Sources */,
				E1AE779D2EB4DD66000AC8B8 /* EmptyListView.swift in Sources */,
				E157E5992EB4C59C004150BA /* Todo_App.xcdatamodeld in Sources */,
				E157E59A2EB4C59C004150BA /* Todo_AppApp.swift in Sources */,
				E157E59E2EB4C5B5004150BA /* AddTodoView.swift in Sources */,
			);
			runOnlyForDeploymentPostprocessing = 0;
		};
/* End PBXSourcesBuildPhase section */

/* Begin XCBuildConfiguration section */
		E157E5802EB4C2BE004150BA /* Debug */ = {
			isa = XCBuildConfiguration;
			buildSettings = {
				ALWAYS_SEARCH_USER_PATHS = NO;
				ASSETCATALOG_COMPILER_GENERATE_SWIFT_ASSET_SYMBOL_EXTENSIONS = YES;
				CLANG_ANALYZER_NONNULL = YES;
				CLANG_ANALYZER_NUMBER_OBJECT_CONVERSION = YES_AGGRESSIVE;
				CLANG_CXX_LANGUAGE_STANDARD = "gnu++20";
				CLANG_ENABLE_MODULES = YES;
				CLANG_ENABLE_OBJC_ARC = YES;
				CLANG_ENABLE_OBJC_WEAK = YES;
				CLANG_WARN_BLOCK_CAPTURE_AUTORELEASING = YES;
				CLANG_WARN_BOOL_CONVERSION = YES;
				CLANG_WARN_COMMA = YES;
				CLANG_WARN_CONSTANT_CONVERSION = YES;
				CLANG_WARN_DEPRECATED_OBJC_IMPLEMENTATIONS = YES;
				CLANG_WARN_DIRECT_OBJC_ISA_USAGE = YES_ERROR;
				CLANG_WARN_DOCUMENTATION_COMMENTS = YES;
				CLANG_WARN_EMPTY_BODY = YES;
				CLANG_WARN_ENUM_CONVERSION = YES;
				CLANG_WARN_INFINITE_RECURSION = YES;
				CLANG_WARN_INT_CONVERSION = YES;
				CLANG_WARN_NON_LITERAL_NULL_CONVERSION = YES;
				CLANG_WARN_OBJC_IMPLICIT_RETAIN_SELF = YES;
				CLANG_WARN_OBJC_LITERAL_CONVERSION = YES;
				CLANG_WARN_OBJC_ROOT_CLASS = YES_ERROR;
				CLANG_WARN_QUOTED_INCLUDE_IN_FRAMEWORK_HEADER = YES;
				CLANG_WARN_RANGE_LOOP_ANALYSIS = YES;
				CLANG_WARN_STRICT_PROTOTYPES = YES;
				CLANG_WARN_SUSPICIOUS_MOVE = YES;
				CLANG_WARN_UNGUARDED_AVAILABILITY = YES_AGGRESSIVE;
				CLANG_WARN_UNREACHABLE_CODE = YES;
				CLANG_WARN__DUPLICATE_METHOD_MATCH = YES;
				COPY_PHASE_STRIP = NO;
				DEBUG_INFORMATION_FORMAT = dwarf;
				DEVELOPMENT_TEAM = U3W7A494A6;
				ENABLE_STRICT_OBJC_MSGSEND = YES;
				ENABLE_TESTABILITY = YES;
				ENABLE_USER_SCRIPT_SANDBOXING = YES;
				GCC_C_LANGUAGE_STANDARD = gnu17;
				GCC_DYNAMIC_NO_PIC = NO;
				GCC_NO_COMMON_BLOCKS = YES;
				GCC_OPTIMIZATION_LEVEL = 0;
				GCC_PREPROCESSOR_DEFINITIONS = (
					"DEBUG=1",
					"$(inherited)",
				);
				GCC_WARN_64_TO_32_BIT_CONVERSION = YES;
				GCC_WARN_ABOUT_RETURN_TYPE = YES_ERROR;
				GCC_WARN_UNDECLARED_SELECTOR = YES;
				GCC_WARN_UNINITIALIZED_AUTOS = YES_AGGRESSIVE;
				GCC_WARN_UNUSED_FUNCTION = YES;
				GCC_WARN_UNUSED_VARIABLE = YES;
				IPHONEOS_DEPLOYMENT_TARGET = 18.5;
				LOCALIZATION_PREFERS_STRING_CATALOGS = YES;
				MTL_ENABLE_DEBUG_INFO = INCLUDE_SOURCE;
				MTL_FAST_MATH = YES;
				ONLY_ACTIVE_ARCH = YES;
				SDKROOT = iphoneos;
				SWIFT_ACTIVE_COMPILATION_CONDITIONS = "DEBUG $(inherited)";
				SWIFT_OPTIMIZATION_LEVEL = "-Onone";
			};
			name = Debug;
		};
		E157E5812EB4C2BE004150BA /* Release */ = {
			isa = XCBuildConfiguration;
			buildSettings = {
				ALWAYS_SEARCH_USER_PATHS = NO;
				ASSETCATALOG_COMPILER_GENERATE_SWIFT_ASSET_SYMBOL_EXTENSIONS = YES;
				CLANG_ANALYZER_NONNULL = YES;
				CLANG_ANALYZER_NUMBER_OBJECT_CONVERSION = YES_AGGRESSIVE;
				CLANG_CXX_LANGUAGE_STANDARD = "gnu++20";
				CLANG_ENABLE_MODULES = YES;
				CLANG_ENABLE_OBJC_ARC = YES;
				CLANG_ENABLE_OBJC_WEAK = YES;
				CLANG_WARN_BLOCK_CAPTURE_AUTORELEASING = YES;
				CLANG_WARN_BOOL_CONVERSION = YES;
				CLANG_WARN_COMMA = YES;
				CLANG_WARN_CONSTANT_CONVERSION = YES;
				CLANG_WARN_DEPRECATED_OBJC_IMPLEMENTATIONS = YES;
				CLANG_WARN_DIRECT_OBJC_ISA_USAGE = YES_ERROR;
				CLANG_WARN_DOCUMENTATION_COMMENTS = YES;
				CLANG_WARN_EMPTY_BODY = YES;
				CLANG_WARN_ENUM_CONVERSION = YES;
				CLANG_WARN_INFINITE_RECURSION = YES;
				CLANG_WARN_INT_CONVERSION = YES;
				CLANG_WARN_NON_LITERAL_NULL_CONVERSION = YES;
				CLANG_WARN_OBJC_IMPLICIT_RETAIN_SELF = YES;
				CLANG_WARN_OBJC_LITERAL_CONVERSION = YES;
				CLANG_WARN_OBJC_ROOT_CLASS = YES_ERROR;
				CLANG_WARN_QUOTED_INCLUDE_IN_FRAMEWORK_HEADER = YES;
				CLANG_WARN_RANGE_LOOP_ANALYSIS = YES;
				CLANG_WARN_STRICT_PROTOTYPES = YES;
				CLANG_WARN_SUSPICIOUS_MOVE = YES;
				CLANG_WARN_UNGUARDED_AVAILABILITY = YES_AGGRESSIVE;
				CLANG_WARN_UNREACHABLE_CODE = YES;
				CLANG_WARN__DUPLICATE_METHOD_MATCH = YES;
				COPY_PHASE_STRIP = NO;
				DEBUG_INFORMATION_FORMAT = "dwarf-with-dsym";
				DEVELOPMENT_TEAM = U3W7A494A6;
				ENABLE_NS_ASSERTIONS = NO;
				ENABLE_STRICT_OBJC_MSGSEND = YES;
				ENABLE_USER_SCRIPT_SANDBOXING = YES;
				GCC_C_LANGUAGE_STANDARD = gnu17;
				GCC_NO_COMMON_BLOCKS = YES;
				GCC_WARN_64_TO_32_BIT_CONVERSION = YES;
				GCC_WARN_ABOUT_RETURN_TYPE = YES_ERROR;
				GCC_WARN_UNDECLARED_SELECTOR = YES;
				GCC_WARN_UNINITIALIZED_AUTOS = YES_AGGRESSIVE;
				GCC_WARN_UNUSED_FUNCTION = YES;
				GCC_WARN_UNUSED_VARIABLE = YES;
				IPHONEOS_DEPLOYMENT_TARGET = 18.5;
				LOCALIZATION_PREFERS_STRING_CATALOGS = YES;
				MTL_ENABLE_DEBUG_INFO = NO;
				MTL_FAST_MATH = YES;
				SDKROOT = iphoneos;
				SWIFT_COMPILATION_MODE = wholemodule;
				VALIDATE_PRODUCT = YES;
			};
			name = Release;
		};
		E157E5832EB4C2BE004150BA /* Debug */ = {
			isa = XCBuildConfiguration;
			buildSettings = {
				ASSETCATALOG_COMPILER_APPICON_NAME = AppIcon;
				ASSETCATALOG_COMPILER_GLOBAL_ACCENT_COLOR_NAME = AccentColor;
				CODE_SIGN_STYLE = Automatic;
				CURRENT_PROJECT_VERSION = 1;
				DEVELOPMENT_TEAM = U3W7A494A6;
				ENABLE_PREVIEWS = YES;
				GENERATE_INFOPLIST_FILE = YES;
				INFOPLIST_FILE = "Todo-App-Info.plist";
				INFOPLIST_KEY_UIApplicationSceneManifest_Generation = YES;
				INFOPLIST_KEY_UIApplicationSupportsIndirectInputEvents = YES;
				INFOPLIST_KEY_UILaunchScreen_Generation = YES;
				INFOPLIST_KEY_UILaunchStoryboardName = LaunchScreen;
				INFOPLIST_KEY_UISupportedInterfaceOrientations = UIInterfaceOrientationPortrait;
				LD_RUNPATH_SEARCH_PATHS = (
					"$(inherited)",
					"@executable_path/Frameworks",
				);
				MARKETING_VERSION = 1.0;
				PRODUCT_BUNDLE_IDENTIFIER = "com.isacenco.Todo-App";
				PRODUCT_NAME = "$(TARGET_NAME)";
				SWIFT_EMIT_LOC_STRINGS = YES;
				SWIFT_VERSION = 5.0;
				TARGETED_DEVICE_FAMILY = "1,2";
			};
			name = Debug;
		};
		E157E5842EB4C2BE004150BA /* Release */ = {
			isa = XCBuildConfiguration;
			buildSettings = {
				ASSETCATALOG_COMPILER_APPICON_NAME = AppIcon;
				ASSETCATALOG_COMPILER_GLOBAL_ACCENT_COLOR_NAME = AccentColor;
				CODE_SIGN_STYLE = Automatic;
				CURRENT_PROJECT_VERSION = 1;
				DEVELOPMENT_TEAM = U3W7A494A6;
				ENABLE_PREVIEWS = YES;
				GENERATE_INFOPLIST_FILE = YES;
				INFOPLIST_FILE = "Todo-App-Info.plist";
				INFOPLIST_KEY_UIApplicationSceneManifest_Generation = YES;
				INFOPLIST_KEY_UIApplicationSupportsIndirectInputEvents = YES;
				INFOPLIST_KEY_UILaunchScreen_Generation = YES;
				INFOPLIST_KEY_UILaunchStoryboardName = LaunchScreen;
				INFOPLIST_KEY_UISupportedInterfaceOrientations = UIInterfaceOrientationPortrait;
				LD_RUNPATH_SEARCH_PATHS = (
					"$(inherited)",
					"@executable_path/Frameworks",
				);
				MARKETING_VERSION = 1.0;
				PRODUCT_BUNDLE_IDENTIFIER = "com.isacenco.Todo-App";
				PRODUCT_NAME = "$(TARGET_NAME)";
				SWIFT_EMIT_LOC_STRINGS = YES;
				SWIFT_VERSION = 5.0;
				TARGETED_DEVICE_FAMILY = "1,2";
			};
			name = Release;
		};
/* End XCBuildConfiguration section */

/* Begin XCConfigurationList section */
		E157E56D2EB4C2BC004150BA /* Build configuration list for PBXProject "Todo App" */ = {
			isa = XCConfigurationList;
			buildConfigurations = (
				E157E5802EB4C2BE004150BA /* Debug */,
				E157E5812EB4C2BE004150BA /* Release */,
			);
			defaultConfigurationIsVisible = 0;
			defaultConfigurationName = Release;
		};
		E157E5822EB4C2BE004150BA /* Build configuration list for PBXNativeTarget "Todo App" */ = {
			isa = XCConfigurationList;
			buildConfigurations = (
				E157E5832EB4C2BE004150BA /* Debug */,
				E157E5842EB4C2BE004150BA /* Release */,
			);
			defaultConfigurationIsVisible = 0;
			defaultConfigurationName = Release;
		};
/* End XCConfigurationList section */

/* Begin XCVersionGroup section */
		E157E5932EB4C59C004150BA /* Todo_App.xcdatamodeld */ = {
			isa = XCVersionGroup;
			children = (
				E157E5962EB4C59C004150BA /* Todo_App.xcdatamodel */,
			);
			currentVersion = E157E5962EB4C59C004150BA /* Todo_App.xcdatamodel */;
			path = Todo_App.xcdatamodeld;
			sourceTree = "<group>";
			versionGroupType = wrapper.xcdatamodel;
		};
/* End XCVersionGroup section */
	};
	rootObject = E157E56A2EB4C2BC004150BA /* Project object */;
}
